// !$*UTF8*$!
{
	archiveVersion = 1;
	classes = {
	};
	objectVersion = 50;
	objects = {

/* Begin PBXBuildFile section */
		92587101208CB8A600715CCB /* AppDelegate.swift in Sources */ = {isa = PBXBuildFile; fileRef = 92587100208CB8A600715CCB /* AppDelegate.swift */; };
		92587106208CB8A600715CCB /* Main.storyboard in Resources */ = {isa = PBXBuildFile; fileRef = 92587104208CB8A600715CCB /* Main.storyboard */; };
		92587108208CB8A900715CCB /* Assets.xcassets in Resources */ = {isa = PBXBuildFile; fileRef = 92587107208CB8A900715CCB /* Assets.xcassets */; };
		9258710B208CB8A900715CCB /* LaunchScreen.storyboard in Resources */ = {isa = PBXBuildFile; fileRef = 92587109208CB8A900715CCB /* LaunchScreen.storyboard */; };
		92587115208CBEA900715CCB /* WeatherTableViewController.swift in Sources */ = {isa = PBXBuildFile; fileRef = 92587114208CBEA900715CCB /* WeatherTableViewController.swift */; };
		92587118208CC11B00715CCB /* Weather.swift in Sources */ = {isa = PBXBuildFile; fileRef = 92587117208CC11B00715CCB /* Weather.swift */; };
		9258711A208CC58000715CCB /* APIClient.swift in Sources */ = {isa = PBXBuildFile; fileRef = 92587119208CC58000715CCB /* APIClient.swift */; };
		9258711C208CC99100715CCB /* Endpoint.swift in Sources */ = {isa = PBXBuildFile; fileRef = 9258711B208CC99100715CCB /* Endpoint.swift */; };
		9258711E208CCC1800715CCB /* WeatherAPIClient.swift in Sources */ = {isa = PBXBuildFile; fileRef = 9258711D208CCC1800715CCB /* WeatherAPIClient.swift */; };
		92587120208CD05800715CCB /* WeatherCellViewModel.swift in Sources */ = {isa = PBXBuildFile; fileRef = 9258711F208CD05800715CCB /* WeatherCellViewModel.swift */; };
/* End PBXBuildFile section */

/* Begin PBXFileReference section */
		925870FD208CB8A600715CCB /* WeatherApp.app */ = {isa = PBXFileReference; explicitFileType = wrapper.application; includeInIndex = 0; path = WeatherApp.app; sourceTree = BUILT_PRODUCTS_DIR; };
		92587100208CB8A600715CCB /* AppDelegate.swift */ = {isa = PBXFileReference; lastKnownFileType = sourcecode.swift; path = AppDelegate.swift; sourceTree = "<group>"; };
		92587105208CB8A600715CCB /* Base */ = {isa = PBXFileReference; lastKnownFileType = file.storyboard; name = Base; path = Base.lproj/Main.storyboard; sourceTree = "<group>"; };
		92587107208CB8A900715CCB /* Assets.xcassets */ = {isa = PBXFileReference; lastKnownFileType = folder.assetcatalog; path = Assets.xcassets; sourceTree = "<group>"; };
		9258710A208CB8A900715CCB /* Base */ = {isa = PBXFileReference; lastKnownFileType = file.storyboard; name = Base; path = Base.lproj/LaunchScreen.storyboard; sourceTree = "<group>"; };
		9258710C208CB8A900715CCB /* Info.plist */ = {isa = PBXFileReference; lastKnownFileType = text.plist.xml; path = Info.plist; sourceTree = "<group>"; };
		92587114208CBEA900715CCB /* WeatherTableViewController.swift */ = {isa = PBXFileReference; lastKnownFileType = sourcecode.swift; path = WeatherTableViewController.swift; sourceTree = "<group>"; };
		92587117208CC11B00715CCB /* Weather.swift */ = {isa = PBXFileReference; lastKnownFileType = sourcecode.swift; path = Weather.swift; sourceTree = "<group>"; };
		92587119208CC58000715CCB /* APIClient.swift */ = {isa = PBXFileReference; lastKnownFileType = sourcecode.swift; path = APIClient.swift; sourceTree = "<group>"; };
		9258711B208CC99100715CCB /* Endpoint.swift */ = {isa = PBXFileReference; lastKnownFileType = sourcecode.swift; path = Endpoint.swift; sourceTree = "<group>"; };
		9258711D208CCC1800715CCB /* WeatherAPIClient.swift */ = {isa = PBXFileReference; lastKnownFileType = sourcecode.swift; path = WeatherAPIClient.swift; sourceTree = "<group>"; };
		9258711F208CD05800715CCB /* WeatherCellViewModel.swift */ = {isa = PBXFileReference; lastKnownFileType = sourcecode.swift; path = WeatherCellViewModel.swift; sourceTree = "<group>"; };
/* End PBXFileReference section */

/* Begin PBXFrameworksBuildPhase section */
		925870FA208CB8A600715CCB /* Frameworks */ = {
			isa = PBXFrameworksBuildPhase;
			buildActionMask = 2147483647;
			files = (
			);
			runOnlyForDeploymentPostprocessing = 0;
		};
/* End PBXFrameworksBuildPhase section */

/* Begin PBXGroup section */
		925870F4208CB8A600715CCB = {
			isa = PBXGroup;
			children = (
				925870FF208CB8A600715CCB /* WeatherApp */,
				925870FE208CB8A600715CCB /* Products */,
			);
			sourceTree = "<group>";
		};
		925870FE208CB8A600715CCB /* Products */ = {
			isa = PBXGroup;
			children = (
				925870FD208CB8A600715CCB /* WeatherApp.app */,
			);
			name = Products;
			sourceTree = "<group>";
		};
		925870FF208CB8A600715CCB /* WeatherApp */ = {
			isa = PBXGroup;
			children = (
				92587116208CC10700715CCB /* API */,
				92587113208CB94B00715CCB /* VC */,
				92587112208CB93C00715CCB /* Models */,
				92587100208CB8A600715CCB /* AppDelegate.swift */,
				92587104208CB8A600715CCB /* Main.storyboard */,
				92587107208CB8A900715CCB /* Assets.xcassets */,
				92587109208CB8A900715CCB /* LaunchScreen.storyboard */,
				9258710C208CB8A900715CCB /* Info.plist */,
			);
			path = WeatherApp;
			sourceTree = "<group>";
		};
		92587112208CB93C00715CCB /* Models */ = {
			isa = PBXGroup;
			children = (
				9258711F208CD05800715CCB /* WeatherCellViewModel.swift */,
			);
			path = Models;
			sourceTree = "<group>";
		};
		92587113208CB94B00715CCB /* VC */ = {
			isa = PBXGroup;
			children = (
				92587114208CBEA900715CCB /* WeatherTableViewController.swift */,
			);
			path = VC;
			sourceTree = "<group>";
		};
		92587116208CC10700715CCB /* API */ = {
			isa = PBXGroup;
			children = (
				92587117208CC11B00715CCB /* Weather.swift */,
				92587119208CC58000715CCB /* APIClient.swift */,
				9258711B208CC99100715CCB /* Endpoint.swift */,
				9258711D208CCC1800715CCB /* WeatherAPIClient.swift */,
			);
			path = API;
			sourceTree = "<group>";
		};
/* End PBXGroup section */

/* Begin PBXNativeTarget section */
		925870FC208CB8A600715CCB /* WeatherApp */ = {
			isa = PBXNativeTarget;
			buildConfigurationList = 9258710F208CB8A900715CCB /* Build configuration list for PBXNativeTarget "WeatherApp" */;
			buildPhases = (
				925870F9208CB8A600715CCB /* Sources */,
				925870FA208CB8A600715CCB /* Frameworks */,
				925870FB208CB8A600715CCB /* Resources */,
			);
			buildRules = (
			);
			dependencies = (
			);
			name = WeatherApp;
			productName = WeatherApp;
			productReference = 925870FD208CB8A600715CCB /* WeatherApp.app */;
			productType = "com.apple.product-type.application";
		};
/* End PBXNativeTarget section */

/* Begin PBXProject section */
		925870F5208CB8A600715CCB /* Project object */ = {
			isa = PBXProject;
			attributes = {
				LastSwiftUpdateCheck = 0930;
				LastUpgradeCheck = 0930;
				ORGANIZATIONNAME = "Andrew Tittle";
				TargetAttributes = {
					925870FC208CB8A600715CCB = {
						CreatedOnToolsVersion = 9.3;
					};
				};
			};
			buildConfigurationList = 925870F8208CB8A600715CCB /* Build configuration list for PBXProject "WeatherApp" */;
			compatibilityVersion = "Xcode 9.3";
			developmentRegion = en;
			hasScannedForEncodings = 0;
			knownRegions = (
				en,
				Base,
			);
			mainGroup = 925870F4208CB8A600715CCB;
			productRefGroup = 925870FE208CB8A600715CCB /* Products */;
			projectDirPath = "";
			projectRoot = "";
			targets = (
				925870FC208CB8A600715CCB /* WeatherApp */,
			);
		};
/* End PBXProject section */

/* Begin PBXResourcesBuildPhase section */
		925870FB208CB8A600715CCB /* Resources */ = {
			isa = PBXResourcesBuildPhase;
			buildActionMask = 2147483647;
			files = (
				9258710B208CB8A900715CCB /* LaunchScreen.storyboard in Resources */,
				92587108208CB8A900715CCB /* Assets.xcassets in Resources */,
				92587106208CB8A600715CCB /* Main.storyboard in Resources */,
			);
			runOnlyForDeploymentPostprocessing = 0;
		};
/* End PBXResourcesBuildPhase section */

/* Begin PBXSourcesBuildPhase section */
		925870F9208CB8A600715CCB /* Sources */ = {
			isa = PBXSourcesBuildPhase;
			buildActionMask = 2147483647;
			files = (
				9258711E208CCC1800715CCB /* WeatherAPIClient.swift in Sources */,
				92587115208CBEA900715CCB /* WeatherTableViewController.swift in Sources */,
				92587118208CC11B00715CCB /* Weather.swift in Sources */,
				92587101208CB8A600715CCB /* AppDelegate.swift in Sources */,
				92587120208CD05800715CCB /* WeatherCellViewModel.swift in Sources */,
				9258711A208CC58000715CCB /* APIClient.swift in Sources */,
				9258711C208CC99100715CCB /* Endpoint.swift in Sources */,
			);
			runOnlyForDeploymentPostprocessing = 0;
		};
/* End PBXSourcesBuildPhase section */

/* Begin PBXVariantGroup section */
		92587104208CB8A600715CCB /* Main.storyboard */ = {
			isa = PBXVariantGroup;
			children = (
				92587105208CB8A600715CCB /* Base */,
			);
			name = Main.storyboard;
			sourceTree = "<group>";
		};
		92587109208CB8A900715CCB /* LaunchScreen.storyboard */ = {
			isa = PBXVariantGroup;
			children = (
				9258710A208CB8A900715CCB /* Base */,
			);
			name = LaunchScreen.storyboard;
			sourceTree = "<group>";
		};
/* End PBXVariantGroup section */

/* Begin XCBuildConfiguration section */
		9258710D208CB8A900715CCB /* Debug */ = {
			isa = XCBuildConfiguration;
			buildSettings = {
				ALWAYS_SEARCH_USER_PATHS = NO;
				CLANG_ANALYZER_NONNULL = YES;
				CLANG_ANALYZER_NUMBER_OBJECT_CONVERSION = YES_AGGRESSIVE;
				CLANG_CXX_LANGUAGE_STANDARD = "gnu++14";
				CLANG_CXX_LIBRARY = "libc++";
				CLANG_ENABLE_MODULES = YES;
				CLANG_ENABLE_OBJC_ARC = YES;
				CLANG_ENABLE_OBJC_WEAK = YES;
				CLANG_WARN_BLOCK_CAPTURE_AUTORELEASING = YES;
				CLANG_WARN_BOOL_CONVERSION = YES;
				CLANG_WARN_COMMA = YES;
				CLANG_WARN_CONSTANT_CONVERSION = YES;
				CLANG_WARN_DEPRECATED_OBJC_IMPLEMENTATIONS = YES;
				CLANG_WARN_DIRECT_OBJC_ISA_USAGE = YES_ERROR;
				CLANG_WARN_DOCUMENTATION_COMMENTS = YES;
				CLANG_WARN_EMPTY_BODY = YES;
				CLANG_WARN_ENUM_CONVERSION = YES;
				CLANG_WARN_INFINITE_RECURSION = YES;
				CLANG_WARN_INT_CONVERSION = YES;
				CLANG_WARN_NON_LITERAL_NULL_CONVERSION = YES;
				CLANG_WARN_OBJC_IMPLICIT_RETAIN_SELF = YES;
				CLANG_WARN_OBJC_LITERAL_CONVERSION = YES;
				CLANG_WARN_OBJC_ROOT_CLASS = YES_ERROR;
				CLANG_WARN_RANGE_LOOP_ANALYSIS = YES;
				CLANG_WARN_STRICT_PROTOTYPES = YES;
				CLANG_WARN_SUSPICIOUS_MOVE = YES;
				CLANG_WARN_UNGUARDED_AVAILABILITY = YES_AGGRESSIVE;
				CLANG_WARN_UNREACHABLE_CODE = YES;
				CLANG_WARN__DUPLICATE_METHOD_MATCH = YES;
				CODE_SIGN_IDENTITY = "iPhone Developer";
				COPY_PHASE_STRIP = NO;
				DEBUG_INFORMATION_FORMAT = dwarf;
				ENABLE_STRICT_OBJC_MSGSEND = YES;
				ENABLE_TESTABILITY = YES;
				GCC_C_LANGUAGE_STANDARD = gnu11;
				GCC_DYNAMIC_NO_PIC = NO;
				GCC_NO_COMMON_BLOCKS = YES;
				GCC_OPTIMIZATION_LEVEL = 0;
				GCC_PREPROCESSOR_DEFINITIONS = (
					"DEBUG=1",
					"$(inherited)",
				);
				GCC_WARN_64_TO_32_BIT_CONVERSION = YES;
				GCC_WARN_ABOUT_RETURN_TYPE = YES_ERROR;
				GCC_WARN_UNDECLARED_SELECTOR = YES;
				GCC_WARN_UNINITIALIZED_AUTOS = YES_AGGRESSIVE;
				GCC_WARN_UNUSED_FUNCTION = YES;
				GCC_WARN_UNUSED_VARIABLE = YES;
				IPHONEOS_DEPLOYMENT_TARGET = 11.3;
				MTL_ENABLE_DEBUG_INFO = YES;
				ONLY_ACTIVE_ARCH = YES;
				SDKROOT = iphoneos;
				SWIFT_ACTIVE_COMPILATION_CONDITIONS = DEBUG;
				SWIFT_OPTIMIZATION_LEVEL = "-Onone";
			};
			name = Debug;
		};
		9258710E208CB8A900715CCB /* Release */ = {
			isa = XCBuildConfiguration;
			buildSettings = {
				ALWAYS_SEARCH_USER_PATHS = NO;
				CLANG_ANALYZER_NONNULL = YES;
				CLANG_ANALYZER_NUMBER_OBJECT_CONVERSION = YES_AGGRESSIVE;
				CLANG_CXX_LANGUAGE_STANDARD = "gnu++14";
				CLANG_CXX_LIBRARY = "libc++";
				CLANG_ENABLE_MODULES = YES;
				CLANG_ENABLE_OBJC_ARC = YES;
				CLANG_ENABLE_OBJC_WEAK = YES;
				CLANG_WARN_BLOCK_CAPTURE_AUTORELEASING = YES;
				CLANG_WARN_BOOL_CONVERSION = YES;
				CLANG_WARN_COMMA = YES;
				CLANG_WARN_CONSTANT_CONVERSION = YES;
				CLANG_WARN_DEPRECATED_OBJC_IMPLEMENTATIONS = YES;
				CLANG_WARN_DIRECT_OBJC_ISA_USAGE = YES_ERROR;
				CLANG_WARN_DOCUMENTATION_COMMENTS = YES;
				CLANG_WARN_EMPTY_BODY = YES;
				CLANG_WARN_ENUM_CONVERSION = YES;
				CLANG_WARN_INFINITE_RECURSION = YES;
				CLANG_WARN_INT_CONVERSION = YES;
				CLANG_WARN_NON_LITERAL_NULL_CONVERSION = YES;
				CLANG_WARN_OBJC_IMPLICIT_RETAIN_SELF = YES;
				CLANG_WARN_OBJC_LITERAL_CONVERSION = YES;
				CLANG_WARN_OBJC_ROOT_CLASS = YES_ERROR;
				CLANG_WARN_RANGE_LOOP_ANALYSIS = YES;
				CLANG_WARN_STRICT_PROTOTYPES = YES;
				CLANG_WARN_SUSPICIOUS_MOVE = YES;
				CLANG_WARN_UNGUARDED_AVAILABILITY = YES_AGGRESSIVE;
				CLANG_WARN_UNREACHABLE_CODE = YES;
				CLANG_WARN__DUPLICATE_METHOD_MATCH = YES;
				CODE_SIGN_IDENTITY = "iPhone Developer";
				COPY_PHASE_STRIP = NO;
				DEBUG_INFORMATION_FORMAT = "dwarf-with-dsym";
				ENABLE_NS_ASSERTIONS = NO;
				ENABLE_STRICT_OBJC_MSGSEND = YES;
				GCC_C_LANGUAGE_STANDARD = gnu11;
				GCC_NO_COMMON_BLOCKS = YES;
				GCC_WARN_64_TO_32_BIT_CONVERSION = YES;
				GCC_WARN_ABOUT_RETURN_TYPE = YES_ERROR;
				GCC_WARN_UNDECLARED_SELECTOR = YES;
				GCC_WARN_UNINITIALIZED_AUTOS = YES_AGGRESSIVE;
				GCC_WARN_UNUSED_FUNCTION = YES;
				GCC_WARN_UNUSED_VARIABLE = YES;
				IPHONEOS_DEPLOYMENT_TARGET = 11.3;
				MTL_ENABLE_DEBUG_INFO = NO;
				SDKROOT = iphoneos;
				SWIFT_COMPILATION_MODE = wholemodule;
				SWIFT_OPTIMIZATION_LEVEL = "-O";
				VALIDATE_PRODUCT = YES;
			};
			name = Release;
		};
		92587110208CB8A900715CCB /* Debug */ = {
			isa = XCBuildConfiguration;
			buildSettings = {
				ASSETCATALOG_COMPILER_APPICON_NAME = AppIcon;
				CODE_SIGN_STYLE = Automatic;
				DEVELOPMENT_TEAM = 69YKJP74JM;
				INFOPLIST_FILE = WeatherApp/Info.plist;
				LD_RUNPATH_SEARCH_PATHS = (
					"$(inherited)",
					"@executable_path/Frameworks",
				);
				PRODUCT_BUNDLE_IDENTIFIER = com.Training.WeatherApp;
				PRODUCT_NAME = "$(TARGET_NAME)";
				SWIFT_VERSION = 4.0;
				TARGETED_DEVICE_FAMILY = "1,2";
			};
			name = Debug;
		};
		92587111208CB8A900715CCB /* Release */ = {
			isa = XCBuildConfiguration;
			buildSettings = {
				ASSETCATALOG_COMPILER_APPICON_NAME = AppIcon;
				CODE_SIGN_STYLE = Automatic;
				DEVELOPMENT_TEAM = 69YKJP74JM;
				INFOPLIST_FILE = WeatherApp/Info.plist;
				LD_RUNPATH_SEARCH_PATHS = (
					"$(inherited)",
					"@executable_path/Frameworks",
				);
				PRODUCT_BUNDLE_IDENTIFIER = com.Training.WeatherApp;
				PRODUCT_NAME = "$(TARGET_NAME)";
				SWIFT_VERSION = 4.0;
				TARGETED_DEVICE_FAMILY = "1,2";
			};
			name = Release;
		};
/* End XCBuildConfiguration section */

/* Begin XCConfigurationList section */
		925870F8208CB8A600715CCB /* Build configuration list for PBXProject "WeatherApp" */ = {
			isa = XCConfigurationList;
			buildConfigurations = (
				9258710D208CB8A900715CCB /* Debug */,
				9258710E208CB8A900715CCB /* Release */,
			);
			defaultConfigurationIsVisible = 0;
			defaultConfigurationName = Release;
		};
		9258710F208CB8A900715CCB /* Build configuration list for PBXNativeTarget "WeatherApp" */ = {
			isa = XCConfigurationList;
			buildConfigurations = (
				92587110208CB8A900715CCB /* Debug */,
				92587111208CB8A900715CCB /* Release */,
			);
			defaultConfigurationIsVisible = 0;
			defaultConfigurationName = Release;
		};
/* End XCConfigurationList section */
	};
	rootObject = 925870F5208CB8A600715CCB /* Project object */;
}
